
Microsoft Visual Studio Solution File, Format Version 12.00
# Visual Studio 15
VisualStudioVersion = 15.0.26124.0
MinimumVisualStudioVersion = 15.0.26124.0
Project("{FAE04EC0-301F-11D3-BF4B-00C04F79EFBC}") = "SockaBackend.WebApi", "SockaBackend.WebApi\SockaBackend.WebApi.csproj", "{AE4CB138-B7BD-489B-A338-1ED9E142A1C6}"
EndProject
Project("{FAE04EC0-301F-11D3-BF4B-00C04F79EFBC}") = "SockaBackend.Domain", "SockaBackend.Domain\SockaBackend.Domain.csproj", "{7984E1A5-2AF6-4353-AFF3-22D1441F46E0}"
EndProject
Project("{FAE04EC0-301F-11D3-BF4B-00C04F79EFBC}") = "SockaBackend.Infrastructure", "SockaBackend.Infrastructure\SockaBackend.Infrastructure.csproj", "{2B76CFD6-EE0E-41E6-B59B-B91F3EC0C21B}"
EndProject
Global
	GlobalSection(SolutionConfigurationPlatforms) = preSolution
		Debug|Any CPU = Debug|Any CPU
		Debug|x64 = Debug|x64
		Debug|x86 = Debug|x86
		Release|Any CPU = Release|Any CPU
		Release|x64 = Release|x64
		Release|x86 = Release|x86
	EndGlobalSection
	GlobalSection(SolutionProperties) = preSolution
		HideSolutionNode = FALSE
	EndGlobalSection
	GlobalSection(ProjectConfigurationPlatforms) = postSolution
		{AE4CB138-B7BD-489B-A338-1ED9E142A1C6}.Debug|Any CPU.ActiveCfg = Debug|Any CPU
		{AE4CB138-B7BD-489B-A338-1ED9E142A1C6}.Debug|Any CPU.Build.0 = Debug|Any CPU
		{AE4CB138-B7BD-489B-A338-1ED9E142A1C6}.Debug|x64.ActiveCfg = Debug|Any CPU
		{AE4CB138-B7BD-489B-A338-1ED9E142A1C6}.Debug|x64.Build.0 = Debug|Any CPU
		{AE4CB138-B7BD-489B-A338-1ED9E142A1C6}.Debug|x86.ActiveCfg = Debug|Any CPU
		{AE4CB138-B7BD-489B-A338-1ED9E142A1C6}.Debug|x86.Build.0 = Debug|Any CPU
		{AE4CB138-B7BD-489B-A338-1ED9E142A1C6}.Release|Any CPU.ActiveCfg = Release|Any CPU
		{AE4CB138-B7BD-489B-A338-1ED9E142A1C6}.Release|Any CPU.Build.0 = Release|Any CPU
		{AE4CB138-B7BD-489B-A338-1ED9E142A1C6}.Release|x64.ActiveCfg = Release|Any CPU
		{AE4CB138-B7BD-489B-A338-1ED9E142A1C6}.Release|x64.Build.0 = Release|Any CPU
		{AE4CB138-B7BD-489B-A338-1ED9E142A1C6}.Release|x86.ActiveCfg = Release|Any CPU
		{AE4CB138-B7BD-489B-A338-1ED9E142A1C6}.Release|x86.Build.0 = Release|Any CPU
		{7984E1A5-2AF6-4353-AFF3-22D1441F46E0}.Debug|Any CPU.ActiveCfg = Debug|Any CPU
		{7984E1A5-2AF6-4353-AFF3-22D1441F46E0}.Debug|Any CPU.Build.0 = Debug|Any CPU
		{7984E1A5-2AF6-4353-AFF3-22D1441F46E0}.Debug|x64.ActiveCfg = Debug|Any CPU
		{7984E1A5-2AF6-4353-AFF3-22D1441F46E0}.Debug|x64.Build.0 = Debug|Any CPU
		{7984E1A5-2AF6-4353-AFF3-22D1441F46E0}.Debug|x86.ActiveCfg = Debug|Any CPU
		{7984E1A5-2AF6-4353-AFF3-22D1441F46E0}.Debug|x86.Build.0 = Debug|Any CPU
		{7984E1A5-2AF6-4353-AFF3-22D1441F46E0}.Release|Any CPU.ActiveCfg = Release|Any CPU
		{7984E1A5-2AF6-4353-AFF3-22D1441F46E0}.Release|Any CPU.Build.0 = Release|Any CPU
		{7984E1A5-2AF6-4353-AFF3-22D1441F46E0}.Release|x64.ActiveCfg = Release|Any CPU
		{7984E1A5-2AF6-4353-AFF3-22D1441F46E0}.Release|x64.Build.0 = Release|Any CPU
		{7984E1A5-2AF6-4353-AFF3-22D1441F46E0}.Release|x86.ActiveCfg = Release|Any CPU
		{7984E1A5-2AF6-4353-AFF3-22D1441F46E0}.Release|x86.Build.0 = Release|Any CPU
		{2B76CFD6-EE0E-41E6-B59B-B91F3EC0C21B}.Debug|Any CPU.ActiveCfg = Debug|Any CPU
		{2B76CFD6-EE0E-41E6-B59B-B91F3EC0C21B}.Debug|Any CPU.Build.0 = Debug|Any CPU
		{2B76CFD6-EE0E-41E6-B59B-B91F3EC0C21B}.Debug|x64.ActiveCfg = Debug|Any CPU
		{2B76CFD6-EE0E-41E6-B59B-B91F3EC0C21B}.Debug|x64.Build.0 = Debug|Any CPU
		{2B76CFD6-EE0E-41E6-B59B-B91F3EC0C21B}.Debug|x86.ActiveCfg = Debug|Any CPU
		{2B76CFD6-EE0E-41E6-B59B-B91F3EC0C21B}.Debug|x86.Build.0 = Debug|Any CPU
		{2B76CFD6-EE0E-41E6-B59B-B91F3EC0C21B}.Release|Any CPU.ActiveCfg = Release|Any CPU
		{2B76CFD6-EE0E-41E6-B59B-B91F3EC0C21B}.Release|Any CPU.Build.0 = Release|Any CPU
		{2B76CFD6-EE0E-41E6-B59B-B91F3EC0C21B}.Release|x64.ActiveCfg = Release|Any CPU
		{2B76CFD6-EE0E-41E6-B59B-B91F3EC0C21B}.Release|x64.Build.0 = Release|Any CPU
		{2B76CFD6-EE0E-41E6-B59B-B91F3EC0C21B}.Release|x86.ActiveCfg = Release|Any CPU
		{2B76CFD6-EE0E-41E6-B59B-B91F3EC0C21B}.Release|x86.Build.0 = Release|Any CPU
	EndGlobalSection
EndGlobal
