
Microsoft Visual Studio Solution File, Format Version 12.00
# Visual Studio Version 16
VisualStudioVersion = 16.0.29613.14
MinimumVisualStudioVersion = 15.0.26124.0
Project("{9A19103F-16F7-4668-BE54-9A1E7A4F7556}") = "SockaBackend.WebApi", "SockaBackend.WebApi\SockaBackend.WebApi.csproj", "{AE4CB138-B7BD-489B-A338-1ED9E142A1C6}"
EndProject
Project("{9A19103F-16F7-4668-BE54-9A1E7A4F7556}") = "SockaBackend.Domain", "SockaBackend.Domain\SockaBackend.Domain.csproj", "{7984E1A5-2AF6-4353-AFF3-22D1441F46E0}"
EndProject
Project("{9A19103F-16F7-4668-BE54-9A1E7A4F7556}") = "SockaBackend.Infrastructure", "SockaBackend.Infrastructure\SockaBackend.Infrastructure.csproj", "{2B76CFD6-EE0E-41E6-B59B-B91F3EC0C21B}"
EndProject
Project("{FAE04EC0-301F-11D3-BF4B-00C04F79EFBC}") = "SockaBackend.Contracts", "SockaBackend.Contracts\SockaBackend.Contracts.csproj", "{169772A7-9E86-4F25-92C0-9E73D84C59EE}"
EndProject
Global
	GlobalSection(SolutionConfigurationPlatforms) = preSolution
		Debug|Any CPU = Debug|Any CPU
		Debug|x64 = Debug|x64
		Debug|x86 = Debug|x86
		Release|Any CPU = Release|Any CPU
		Release|x64 = Release|x64
		Release|x86 = Release|x86
	EndGlobalSection
	GlobalSection(ProjectConfigurationPlatforms) = postSolution
		{AE4CB138-B7BD-489B-A338-1ED9E142A1C6}.Debug|Any CPU.ActiveCfg = Debug|Any CPU
		{AE4CB138-B7BD-489B-A338-1ED9E142A1C6}.Debug|Any CPU.Build.0 = Debug|Any CPU
		{AE4CB138-B7BD-489B-A338-1ED9E142A1C6}.Debug|x64.ActiveCfg = Debug|Any CPU
		{AE4CB138-B7BD-489B-A338-1ED9E142A1C6}.Debug|x64.Build.0 = Debug|Any CPU
		{AE4CB138-B7BD-489B-A338-1ED9E142A1C6}.Debug|x86.ActiveCfg = Debug|Any CPU
		{AE4CB138-B7BD-489B-A338-1ED9E142A1C6}.Debug|x86.Build.0 = Debug|Any CPU
		{AE4CB138-B7BD-489B-A338-1ED9E142A1C6}.Release|Any CPU.ActiveCfg = Release|Any CPU
		{AE4CB138-B7BD-489B-A338-1ED9E142A1C6}.Release|Any CPU.Build.0 = Release|Any CPU
		{AE4CB138-B7BD-489B-A338-1ED9E142A1C6}.Release|x64.ActiveCfg = Release|Any CPU
		{AE4CB138-B7BD-489B-A338-1ED9E142A1C6}.Release|x64.Build.0 = Release|Any CPU
		{AE4CB138-B7BD-489B-A338-1ED9E142A1C6}.Release|x86.ActiveCfg = Release|Any CPU
		{AE4CB138-B7BD-489B-A338-1ED9E142A1C6}.Release|x86.Build.0 = Release|Any CPU
		{7984E1A5-2AF6-4353-AFF3-22D1441F46E0}.Debug|Any CPU.ActiveCfg = Debug|Any CPU
		{7984E1A5-2AF6-4353-AFF3-22D1441F46E0}.Debug|Any CPU.Build.0 = Debug|Any CPU
		{7984E1A5-2AF6-4353-AFF3-22D1441F46E0}.Debug|x64.ActiveCfg = Debug|Any CPU
		{7984E1A5-2AF6-4353-AFF3-22D1441F46E0}.Debug|x64.Build.0 = Debug|Any CPU
		{7984E1A5-2AF6-4353-AFF3-22D1441F46E0}.Debug|x86.ActiveCfg = Debug|Any CPU
		{7984E1A5-2AF6-4353-AFF3-22D1441F46E0}.Debug|x86.Build.0 = Debug|Any CPU
		{7984E1A5-2AF6-4353-AFF3-22D1441F46E0}.Release|Any CPU.ActiveCfg = Release|Any CPU
		{7984E1A5-2AF6-4353-AFF3-22D1441F46E0}.Release|Any CPU.Build.0 = Release|Any CPU
		{7984E1A5-2AF6-4353-AFF3-22D1441F46E0}.Release|x64.ActiveCfg = Release|Any CPU
		{7984E1A5-2AF6-4353-AFF3-22D1441F46E0}.Release|x64.Build.0 = Release|Any CPU
		{7984E1A5-2AF6-4353-AFF3-22D1441F46E0}.Release|x86.ActiveCfg = Release|Any CPU
		{7984E1A5-2AF6-4353-AFF3-22D1441F46E0}.Release|x86.Build.0 = Release|Any CPU
		{2B76CFD6-EE0E-41E6-B59B-B91F3EC0C21B}.Debug|Any CPU.ActiveCfg = Debug|Any CPU
		{2B76CFD6-EE0E-41E6-B59B-B91F3EC0C21B}.Debug|Any CPU.Build.0 = Debug|Any CPU
		{2B76CFD6-EE0E-41E6-B59B-B91F3EC0C21B}.Debug|x64.ActiveCfg = Debug|Any CPU
		{2B76CFD6-EE0E-41E6-B59B-B91F3EC0C21B}.Debug|x64.Build.0 = Debug|Any CPU
		{2B76CFD6-EE0E-41E6-B59B-B91F3EC0C21B}.Debug|x86.ActiveCfg = Debug|Any CPU
		{2B76CFD6-EE0E-41E6-B59B-B91F3EC0C21B}.Debug|x86.Build.0 = Debug|Any CPU
		{2B76CFD6-EE0E-41E6-B59B-B91F3EC0C21B}.Release|Any CPU.ActiveCfg = Release|Any CPU
		{2B76CFD6-EE0E-41E6-B59B-B91F3EC0C21B}.Release|Any CPU.Build.0 = Release|Any CPU
		{2B76CFD6-EE0E-41E6-B59B-B91F3EC0C21B}.Release|x64.ActiveCfg = Release|Any CPU
		{2B76CFD6-EE0E-41E6-B59B-B91F3EC0C21B}.Release|x64.Build.0 = Release|Any CPU
		{2B76CFD6-EE0E-41E6-B59B-B91F3EC0C21B}.Release|x86.ActiveCfg = Release|Any CPU
		{2B76CFD6-EE0E-41E6-B59B-B91F3EC0C21B}.Release|x86.Build.0 = Release|Any CPU
		{169772A7-9E86-4F25-92C0-9E73D84C59EE}.Debug|Any CPU.ActiveCfg = Debug|Any CPU
		{169772A7-9E86-4F25-92C0-9E73D84C59EE}.Debug|Any CPU.Build.0 = Debug|Any CPU
		{169772A7-9E86-4F25-92C0-9E73D84C59EE}.Debug|x64.ActiveCfg = Debug|Any CPU
		{169772A7-9E86-4F25-92C0-9E73D84C59EE}.Debug|x64.Build.0 = Debug|Any CPU
		{169772A7-9E86-4F25-92C0-9E73D84C59EE}.Debug|x86.ActiveCfg = Debug|Any CPU
		{169772A7-9E86-4F25-92C0-9E73D84C59EE}.Debug|x86.Build.0 = Debug|Any CPU
		{169772A7-9E86-4F25-92C0-9E73D84C59EE}.Release|Any CPU.ActiveCfg = Release|Any CPU
		{169772A7-9E86-4F25-92C0-9E73D84C59EE}.Release|Any CPU.Build.0 = Release|Any CPU
		{169772A7-9E86-4F25-92C0-9E73D84C59EE}.Release|x64.ActiveCfg = Release|Any CPU
		{169772A7-9E86-4F25-92C0-9E73D84C59EE}.Release|x64.Build.0 = Release|Any CPU
		{169772A7-9E86-4F25-92C0-9E73D84C59EE}.Release|x86.ActiveCfg = Release|Any CPU
		{169772A7-9E86-4F25-92C0-9E73D84C59EE}.Release|x86.Build.0 = Release|Any CPU
	EndGlobalSection
	GlobalSection(SolutionProperties) = preSolution
		HideSolutionNode = FALSE
	EndGlobalSection
	GlobalSection(ExtensibilityGlobals) = postSolution
		SolutionGuid = {0319AA1A-2DB4-48BF-9F21-885ACE3B3F36}
	EndGlobalSection
EndGlobal
